// !$*UTF8*$!
{
	archiveVersion = 1;
	classes = {
	};
	objectVersion = 46;
	objects = {

/* Begin PBXBuildFile section */
		704CF41D1C40AD34008F8E92 /* AccessoriesViewController.swift in Sources */ = {isa = PBXBuildFile; fileRef = 704CF41C1C40AD34008F8E92 /* AccessoriesViewController.swift */; };
		705874061C3F0DB500A88D53 /* HomeKit.framework in Frameworks */ = {isa = PBXBuildFile; fileRef = 705874051C3F0DB500A88D53 /* HomeKit.framework */; };
		7061DC091C3ECA0F00674F06 /* AppDelegate.swift in Sources */ = {isa = PBXBuildFile; fileRef = 7061DC081C3ECA0F00674F06 /* AppDelegate.swift */; };
		7061DC0B1C3ECA0F00674F06 /* ViewController.swift in Sources */ = {isa = PBXBuildFile; fileRef = 7061DC0A1C3ECA0F00674F06 /* ViewController.swift */; };
		7061DC0E1C3ECA0F00674F06 /* Main.storyboard in Resources */ = {isa = PBXBuildFile; fileRef = 7061DC0C1C3ECA0F00674F06 /* Main.storyboard */; };
		7061DC101C3ECA0F00674F06 /* Assets.xcassets in Resources */ = {isa = PBXBuildFile; fileRef = 7061DC0F1C3ECA0F00674F06 /* Assets.xcassets */; };
		7061DC131C3ECA0F00674F06 /* LaunchScreen.storyboard in Resources */ = {isa = PBXBuildFile; fileRef = 7061DC111C3ECA0F00674F06 /* LaunchScreen.storyboard */; };
		707FEAC31C4D900A00C405F6 /* Interface.storyboard in Resources */ = {isa = PBXBuildFile; fileRef = 707FEAC11C4D900A00C405F6 /* Interface.storyboard */; };
		707FEAC51C4D900A00C405F6 /* Assets.xcassets in Resources */ = {isa = PBXBuildFile; fileRef = 707FEAC41C4D900A00C405F6 /* Assets.xcassets */; };
		707FEACC1C4D900A00C405F6 /* watchapp Extension.appex in Embed App Extensions */ = {isa = PBXBuildFile; fileRef = 707FEACB1C4D900A00C405F6 /* watchapp Extension.appex */; settings = {ATTRIBUTES = (RemoveHeadersOnCopy, ); }; };
		707FEAD31C4D900A00C405F6 /* InterfaceController.swift in Sources */ = {isa = PBXBuildFile; fileRef = 707FEAD21C4D900A00C405F6 /* InterfaceController.swift */; };
		707FEAD51C4D900A00C405F6 /* ExtensionDelegate.swift in Sources */ = {isa = PBXBuildFile; fileRef = 707FEAD41C4D900A00C405F6 /* ExtensionDelegate.swift */; };
		707FEAD71C4D900A00C405F6 /* NotificationController.swift in Sources */ = {isa = PBXBuildFile; fileRef = 707FEAD61C4D900A00C405F6 /* NotificationController.swift */; };
		707FEAD91C4D900A00C405F6 /* Assets.xcassets in Resources */ = {isa = PBXBuildFile; fileRef = 707FEAD81C4D900A00C405F6 /* Assets.xcassets */; };
		707FEADD1C4D900A00C405F6 /* watchapp.app in Embed Watch Content */ = {isa = PBXBuildFile; fileRef = 707FEABF1C4D900A00C405F6 /* watchapp.app */; };
		707FEAE71C4D93A000C405F6 /* RecordTaskInterfaceController.swift in Sources */ = {isa = PBXBuildFile; fileRef = 707FEAE61C4D93A000C405F6 /* RecordTaskInterfaceController.swift */; };
		708A852C1C41669B005B66B1 /* HomeViewController.swift in Sources */ = {isa = PBXBuildFile; fileRef = 708A852B1C41669B005B66B1 /* HomeViewController.swift */; };
		709696241C43129D00A78D32 /* RoomsAccessoriesViewController.swift in Sources */ = {isa = PBXBuildFile; fileRef = 709696231C43129D00A78D32 /* RoomsAccessoriesViewController.swift */; };
		70BB07CF1C4BBAE0006B97D3 /* BooleanCell.swift in Sources */ = {isa = PBXBuildFile; fileRef = 70BB07CE1C4BBAE0006B97D3 /* BooleanCell.swift */; };
		70BDA2E81C41AEF000D6DACA /* AddHomeViewController.swift in Sources */ = {isa = PBXBuildFile; fileRef = 70BDA2E71C41AEF000D6DACA /* AddHomeViewController.swift */; };
		70BDA2EA1C41E56A00D6DACA /* RoomsViewController.swift in Sources */ = {isa = PBXBuildFile; fileRef = 70BDA2E91C41E56A00D6DACA /* RoomsViewController.swift */; };
		70C233091C45499200868378 /* FindAccessoryViewController.swift in Sources */ = {isa = PBXBuildFile; fileRef = 70C233081C45499200868378 /* FindAccessoryViewController.swift */; };
		70CC8E8D1C481ECD0076D659 /* AccessoryControlViewController.swift in Sources */ = {isa = PBXBuildFile; fileRef = 70CC8E8C1C481ECD0076D659 /* AccessoryControlViewController.swift */; };
		70CF68A01C4AE5A8007A1C71 /* NumericCell.swift in Sources */ = {isa = PBXBuildFile; fileRef = 70CF689F1C4AE5A8007A1C71 /* NumericCell.swift */; };
		70CF68A21C4B01A4007A1C71 /* HeatingCoolingCell.swift in Sources */ = {isa = PBXBuildFile; fileRef = 70CF68A11C4B01A4007A1C71 /* HeatingCoolingCell.swift */; };
		70CF68A41C4B0476007A1C71 /* DoorStateCell.swift in Sources */ = {isa = PBXBuildFile; fileRef = 70CF68A31C4B0476007A1C71 /* DoorStateCell.swift */; };
		70CF68A61C4B080B007A1C71 /* FanDirectionCell.swift in Sources */ = {isa = PBXBuildFile; fileRef = 70CF68A51C4B080B007A1C71 /* FanDirectionCell.swift */; };
		70CF68A81C4B0C1E007A1C71 /* LockMechanismStateCell.swift in Sources */ = {isa = PBXBuildFile; fileRef = 70CF68A71C4B0C1E007A1C71 /* LockMechanismStateCell.swift */; };
/* End PBXBuildFile section */

/* Begin PBXContainerItemProxy section */
		707FEACD1C4D900A00C405F6 /* PBXContainerItemProxy */ = {
			isa = PBXContainerItemProxy;
			containerPortal = 7061DBFD1C3ECA0F00674F06 /* Project object */;
			proxyType = 1;
			remoteGlobalIDString = 707FEACA1C4D900A00C405F6;
			remoteInfo = "watchapp Extension";
		};
		707FEADB1C4D900A00C405F6 /* PBXContainerItemProxy */ = {
			isa = PBXContainerItemProxy;
			containerPortal = 7061DBFD1C3ECA0F00674F06 /* Project object */;
			proxyType = 1;
			remoteGlobalIDString = 707FEABE1C4D900A00C405F6;
			remoteInfo = watchapp;
		};
/* End PBXContainerItemProxy section */

/* Begin PBXCopyFilesBuildPhase section */
		707FEAE31C4D900A00C405F6 /* Embed App Extensions */ = {
			isa = PBXCopyFilesBuildPhase;
			buildActionMask = 2147483647;
			dstPath = "";
			dstSubfolderSpec = 13;
			files = (
				707FEACC1C4D900A00C405F6 /* watchapp Extension.appex in Embed App Extensions */,
			);
			name = "Embed App Extensions";
			runOnlyForDeploymentPostprocessing = 0;
		};
		707FEAE51C4D900A00C405F6 /* Embed Watch Content */ = {
			isa = PBXCopyFilesBuildPhase;
			buildActionMask = 2147483647;
			dstPath = "$(CONTENTS_FOLDER_PATH)/Watch";
			dstSubfolderSpec = 16;
			files = (
				707FEADD1C4D900A00C405F6 /* watchapp.app in Embed Watch Content */,
			);
			name = "Embed Watch Content";
			runOnlyForDeploymentPostprocessing = 0;
		};
/* End PBXCopyFilesBuildPhase section */

/* Begin PBXFileReference section */
		704CF41C1C40AD34008F8E92 /* AccessoriesViewController.swift */ = {isa = PBXFileReference; fileEncoding = 4; lastKnownFileType = sourcecode.swift; path = AccessoriesViewController.swift; sourceTree = "<group>"; };
		705874051C3F0DB500A88D53 /* HomeKit.framework */ = {isa = PBXFileReference; lastKnownFileType = wrapper.framework; name = HomeKit.framework; path = System/Library/Frameworks/HomeKit.framework; sourceTree = SDKROOT; };
		7061DC051C3ECA0F00674F06 /* watchofthings.app */ = {isa = PBXFileReference; explicitFileType = wrapper.application; includeInIndex = 0; path = watchofthings.app; sourceTree = BUILT_PRODUCTS_DIR; };
		7061DC081C3ECA0F00674F06 /* AppDelegate.swift */ = {isa = PBXFileReference; lastKnownFileType = sourcecode.swift; path = AppDelegate.swift; sourceTree = "<group>"; };
		7061DC0A1C3ECA0F00674F06 /* ViewController.swift */ = {isa = PBXFileReference; lastKnownFileType = sourcecode.swift; path = ViewController.swift; sourceTree = "<group>"; };
		7061DC0D1C3ECA0F00674F06 /* Base */ = {isa = PBXFileReference; lastKnownFileType = file.storyboard; name = Base; path = Base.lproj/Main.storyboard; sourceTree = "<group>"; };
		7061DC0F1C3ECA0F00674F06 /* Assets.xcassets */ = {isa = PBXFileReference; lastKnownFileType = folder.assetcatalog; path = Assets.xcassets; sourceTree = "<group>"; };
		7061DC121C3ECA0F00674F06 /* Base */ = {isa = PBXFileReference; lastKnownFileType = file.storyboard; name = Base; path = Base.lproj/LaunchScreen.storyboard; sourceTree = "<group>"; };
		7061DC141C3ECA0F00674F06 /* Info.plist */ = {isa = PBXFileReference; lastKnownFileType = text.plist.xml; path = Info.plist; sourceTree = "<group>"; };
		7061DC1C1C3ECAFB00674F06 /* watchofthings.entitlements */ = {isa = PBXFileReference; lastKnownFileType = text.xml; path = watchofthings.entitlements; sourceTree = "<group>"; };
		707FEABF1C4D900A00C405F6 /* watchapp.app */ = {isa = PBXFileReference; explicitFileType = wrapper.application; includeInIndex = 0; path = watchapp.app; sourceTree = BUILT_PRODUCTS_DIR; };
		707FEAC21C4D900A00C405F6 /* Base */ = {isa = PBXFileReference; lastKnownFileType = file.storyboard; name = Base; path = Base.lproj/Interface.storyboard; sourceTree = "<group>"; };
		707FEAC41C4D900A00C405F6 /* Assets.xcassets */ = {isa = PBXFileReference; lastKnownFileType = folder.assetcatalog; path = Assets.xcassets; sourceTree = "<group>"; };
		707FEAC61C4D900A00C405F6 /* Info.plist */ = {isa = PBXFileReference; lastKnownFileType = text.plist.xml; path = Info.plist; sourceTree = "<group>"; };
		707FEACB1C4D900A00C405F6 /* watchapp Extension.appex */ = {isa = PBXFileReference; explicitFileType = "wrapper.app-extension"; includeInIndex = 0; path = "watchapp Extension.appex"; sourceTree = BUILT_PRODUCTS_DIR; };
		707FEAD11C4D900A00C405F6 /* PushNotificationPayload.apns */ = {isa = PBXFileReference; lastKnownFileType = text; path = PushNotificationPayload.apns; sourceTree = "<group>"; };
		707FEAD21C4D900A00C405F6 /* InterfaceController.swift */ = {isa = PBXFileReference; lastKnownFileType = sourcecode.swift; path = InterfaceController.swift; sourceTree = "<group>"; };
		707FEAD41C4D900A00C405F6 /* ExtensionDelegate.swift */ = {isa = PBXFileReference; lastKnownFileType = sourcecode.swift; path = ExtensionDelegate.swift; sourceTree = "<group>"; };
		707FEAD61C4D900A00C405F6 /* NotificationController.swift */ = {isa = PBXFileReference; lastKnownFileType = sourcecode.swift; path = NotificationController.swift; sourceTree = "<group>"; };
		707FEAD81C4D900A00C405F6 /* Assets.xcassets */ = {isa = PBXFileReference; lastKnownFileType = folder.assetcatalog; path = Assets.xcassets; sourceTree = "<group>"; };
		707FEADA1C4D900A00C405F6 /* Info.plist */ = {isa = PBXFileReference; lastKnownFileType = text.plist.xml; path = Info.plist; sourceTree = "<group>"; };
		707FEAE61C4D93A000C405F6 /* RecordTaskInterfaceController.swift */ = {isa = PBXFileReference; fileEncoding = 4; lastKnownFileType = sourcecode.swift; path = RecordTaskInterfaceController.swift; sourceTree = "<group>"; };
		708A852B1C41669B005B66B1 /* HomeViewController.swift */ = {isa = PBXFileReference; fileEncoding = 4; lastKnownFileType = sourcecode.swift; path = HomeViewController.swift; sourceTree = "<group>"; };
		709696231C43129D00A78D32 /* RoomsAccessoriesViewController.swift */ = {isa = PBXFileReference; fileEncoding = 4; lastKnownFileType = sourcecode.swift; path = RoomsAccessoriesViewController.swift; sourceTree = "<group>"; };
		70BB07CE1C4BBAE0006B97D3 /* BooleanCell.swift */ = {isa = PBXFileReference; fileEncoding = 4; lastKnownFileType = sourcecode.swift; path = BooleanCell.swift; sourceTree = "<group>"; };
		70BDA2E71C41AEF000D6DACA /* AddHomeViewController.swift */ = {isa = PBXFileReference; fileEncoding = 4; lastKnownFileType = sourcecode.swift; path = AddHomeViewController.swift; sourceTree = "<group>"; };
		70BDA2E91C41E56A00D6DACA /* RoomsViewController.swift */ = {isa = PBXFileReference; fileEncoding = 4; lastKnownFileType = sourcecode.swift; path = RoomsViewController.swift; sourceTree = "<group>"; };
		70C233081C45499200868378 /* FindAccessoryViewController.swift */ = {isa = PBXFileReference; fileEncoding = 4; lastKnownFileType = sourcecode.swift; path = FindAccessoryViewController.swift; sourceTree = "<group>"; };
		70CC8E8C1C481ECD0076D659 /* AccessoryControlViewController.swift */ = {isa = PBXFileReference; fileEncoding = 4; lastKnownFileType = sourcecode.swift; path = AccessoryControlViewController.swift; sourceTree = "<group>"; };
		70CF689F1C4AE5A8007A1C71 /* NumericCell.swift */ = {isa = PBXFileReference; fileEncoding = 4; lastKnownFileType = sourcecode.swift; path = NumericCell.swift; sourceTree = "<group>"; };
		70CF68A11C4B01A4007A1C71 /* HeatingCoolingCell.swift */ = {isa = PBXFileReference; fileEncoding = 4; lastKnownFileType = sourcecode.swift; path = HeatingCoolingCell.swift; sourceTree = "<group>"; };
		70CF68A31C4B0476007A1C71 /* DoorStateCell.swift */ = {isa = PBXFileReference; fileEncoding = 4; lastKnownFileType = sourcecode.swift; path = DoorStateCell.swift; sourceTree = "<group>"; };
		70CF68A51C4B080B007A1C71 /* FanDirectionCell.swift */ = {isa = PBXFileReference; fileEncoding = 4; lastKnownFileType = sourcecode.swift; path = FanDirectionCell.swift; sourceTree = "<group>"; };
		70CF68A71C4B0C1E007A1C71 /* LockMechanismStateCell.swift */ = {isa = PBXFileReference; fileEncoding = 4; lastKnownFileType = sourcecode.swift; path = LockMechanismStateCell.swift; sourceTree = "<group>"; };
/* End PBXFileReference section */

/* Begin PBXFrameworksBuildPhase section */
		7061DC021C3ECA0F00674F06 /* Frameworks */ = {
			isa = PBXFrameworksBuildPhase;
			buildActionMask = 2147483647;
			files = (
				705874061C3F0DB500A88D53 /* HomeKit.framework in Frameworks */,
			);
			runOnlyForDeploymentPostprocessing = 0;
		};
		707FEAC81C4D900A00C405F6 /* Frameworks */ = {
			isa = PBXFrameworksBuildPhase;
			buildActionMask = 2147483647;
			files = (
			);
			runOnlyForDeploymentPostprocessing = 0;
		};
/* End PBXFrameworksBuildPhase section */

/* Begin PBXGroup section */
		7061DBFC1C3ECA0F00674F06 = {
			isa = PBXGroup;
			children = (
				705874051C3F0DB500A88D53 /* HomeKit.framework */,
				7061DC071C3ECA0F00674F06 /* watchofthings */,
				707FEAC01C4D900A00C405F6 /* watchapp */,
				707FEACF1C4D900A00C405F6 /* watchapp Extension */,
				7061DC061C3ECA0F00674F06 /* Products */,
			);
			sourceTree = "<group>";
		};
		7061DC061C3ECA0F00674F06 /* Products */ = {
			isa = PBXGroup;
			children = (
				7061DC051C3ECA0F00674F06 /* watchofthings.app */,
				707FEABF1C4D900A00C405F6 /* watchapp.app */,
				707FEACB1C4D900A00C405F6 /* watchapp Extension.appex */,
			);
			name = Products;
			sourceTree = "<group>";
		};
		7061DC071C3ECA0F00674F06 /* watchofthings */ = {
			isa = PBXGroup;
			children = (
				7061DC1C1C3ECAFB00674F06 /* watchofthings.entitlements */,
				7061DC081C3ECA0F00674F06 /* AppDelegate.swift */,
				7061DC0A1C3ECA0F00674F06 /* ViewController.swift */,
				7061DC0C1C3ECA0F00674F06 /* Main.storyboard */,
				7061DC0F1C3ECA0F00674F06 /* Assets.xcassets */,
				7061DC111C3ECA0F00674F06 /* LaunchScreen.storyboard */,
				7061DC141C3ECA0F00674F06 /* Info.plist */,
				704CF41C1C40AD34008F8E92 /* AccessoriesViewController.swift */,
				708A852B1C41669B005B66B1 /* HomeViewController.swift */,
				70BDA2E91C41E56A00D6DACA /* RoomsViewController.swift */,
				709696231C43129D00A78D32 /* RoomsAccessoriesViewController.swift */,
				70C233081C45499200868378 /* FindAccessoryViewController.swift */,
				70CC8E8C1C481ECD0076D659 /* AccessoryControlViewController.swift */,
				70CF68A51C4B080B007A1C71 /* FanDirectionCell.swift */,
				70BDA2E71C41AEF000D6DACA /* AddHomeViewController.swift */,
				70BB07CE1C4BBAE0006B97D3 /* BooleanCell.swift */,
				70CF689F1C4AE5A8007A1C71 /* NumericCell.swift */,
				70CF68A11C4B01A4007A1C71 /* HeatingCoolingCell.swift */,
				70CF68A71C4B0C1E007A1C71 /* LockMechanismStateCell.swift */,
				70CF68A31C4B0476007A1C71 /* DoorStateCell.swift */,
			);
			path = watchofthings;
			sourceTree = "<group>";
		};
		707FEAC01C4D900A00C405F6 /* watchapp */ = {
			isa = PBXGroup;
			children = (
				707FEAC11C4D900A00C405F6 /* Interface.storyboard */,
				707FEAC41C4D900A00C405F6 /* Assets.xcassets */,
				707FEAC61C4D900A00C405F6 /* Info.plist */,
			);
			path = watchapp;
			sourceTree = "<group>";
		};
		707FEACF1C4D900A00C405F6 /* watchapp Extension */ = {
			isa = PBXGroup;
			children = (
				707FEAD21C4D900A00C405F6 /* InterfaceController.swift */,
				707FEAD41C4D900A00C405F6 /* ExtensionDelegate.swift */,
				707FEAD61C4D900A00C405F6 /* NotificationController.swift */,
				707FEAE61C4D93A000C405F6 /* RecordTaskInterfaceController.swift */,
				707FEAD81C4D900A00C405F6 /* Assets.xcassets */,
				707FEADA1C4D900A00C405F6 /* Info.plist */,
				707FEAD01C4D900A00C405F6 /* Supporting Files */,
			);
			path = "watchapp Extension";
			sourceTree = "<group>";
		};
		707FEAD01C4D900A00C405F6 /* Supporting Files */ = {
			isa = PBXGroup;
			children = (
				707FEAD11C4D900A00C405F6 /* PushNotificationPayload.apns */,
			);
			name = "Supporting Files";
			sourceTree = "<group>";
		};
/* End PBXGroup section */

/* Begin PBXNativeTarget section */
		7061DC041C3ECA0F00674F06 /* watchofthings */ = {
			isa = PBXNativeTarget;
			buildConfigurationList = 7061DC171C3ECA0F00674F06 /* Build configuration list for PBXNativeTarget "watchofthings" */;
			buildPhases = (
				7061DC011C3ECA0F00674F06 /* Sources */,
				7061DC021C3ECA0F00674F06 /* Frameworks */,
				7061DC031C3ECA0F00674F06 /* Resources */,
				707FEAE51C4D900A00C405F6 /* Embed Watch Content */,
			);
			buildRules = (
			);
			dependencies = (
				707FEADC1C4D900A00C405F6 /* PBXTargetDependency */,
			);
			name = watchofthings;
			productName = watchofthings;
			productReference = 7061DC051C3ECA0F00674F06 /* watchofthings.app */;
			productType = "com.apple.product-type.application";
		};
		707FEABE1C4D900A00C405F6 /* watchapp */ = {
			isa = PBXNativeTarget;
			buildConfigurationList = 707FEAE41C4D900A00C405F6 /* Build configuration list for PBXNativeTarget "watchapp" */;
			buildPhases = (
				707FEABD1C4D900A00C405F6 /* Resources */,
				707FEAE31C4D900A00C405F6 /* Embed App Extensions */,
			);
			buildRules = (
			);
			dependencies = (
				707FEACE1C4D900A00C405F6 /* PBXTargetDependency */,
			);
			name = watchapp;
			productName = watchapp;
			productReference = 707FEABF1C4D900A00C405F6 /* watchapp.app */;
			productType = "com.apple.product-type.application.watchapp2";
		};
		707FEACA1C4D900A00C405F6 /* watchapp Extension */ = {
			isa = PBXNativeTarget;
			buildConfigurationList = 707FEAE21C4D900A00C405F6 /* Build configuration list for PBXNativeTarget "watchapp Extension" */;
			buildPhases = (
				707FEAC71C4D900A00C405F6 /* Sources */,
				707FEAC81C4D900A00C405F6 /* Frameworks */,
				707FEAC91C4D900A00C405F6 /* Resources */,
			);
			buildRules = (
			);
			dependencies = (
			);
			name = "watchapp Extension";
			productName = "watchapp Extension";
			productReference = 707FEACB1C4D900A00C405F6 /* watchapp Extension.appex */;
			productType = "com.apple.product-type.watchkit2-extension";
		};
/* End PBXNativeTarget section */

/* Begin PBXProject section */
		7061DBFD1C3ECA0F00674F06 /* Project object */ = {
			isa = PBXProject;
			attributes = {
				LastSwiftUpdateCheck = 0720;
				LastUpgradeCheck = 0720;
				ORGANIZATIONNAME = "Manoj Vaseekharan";
				TargetAttributes = {
					7061DC041C3ECA0F00674F06 = {
						CreatedOnToolsVersion = 7.2;
						DevelopmentTeam = XX542PQLF6;
						SystemCapabilities = {
							com.apple.HomeKit = {
								enabled = 1;
							};
						};
					};
					707FEABE1C4D900A00C405F6 = {
						CreatedOnToolsVersion = 7.2;
						DevelopmentTeam = XX542PQLF6;
					};
					707FEACA1C4D900A00C405F6 = {
						CreatedOnToolsVersion = 7.2;
						DevelopmentTeam = XX542PQLF6;
					};
				};
			};
			buildConfigurationList = 7061DC001C3ECA0F00674F06 /* Build configuration list for PBXProject "watchofthings" */;
			compatibilityVersion = "Xcode 3.2";
			developmentRegion = English;
			hasScannedForEncodings = 0;
			knownRegions = (
				en,
				Base,
			);
			mainGroup = 7061DBFC1C3ECA0F00674F06;
			productRefGroup = 7061DC061C3ECA0F00674F06 /* Products */;
			projectDirPath = "";
			projectRoot = "";
			targets = (
				7061DC041C3ECA0F00674F06 /* watchofthings */,
				707FEABE1C4D900A00C405F6 /* watchapp */,
				707FEACA1C4D900A00C405F6 /* watchapp Extension */,
			);
		};
/* End PBXProject section */

/* Begin PBXResourcesBuildPhase section */
		7061DC031C3ECA0F00674F06 /* Resources */ = {
			isa = PBXResourcesBuildPhase;
			buildActionMask = 2147483647;
			files = (
				7061DC131C3ECA0F00674F06 /* LaunchScreen.storyboard in Resources */,
				7061DC101C3ECA0F00674F06 /* Assets.xcassets in Resources */,
				7061DC0E1C3ECA0F00674F06 /* Main.storyboard in Resources */,
			);
			runOnlyForDeploymentPostprocessing = 0;
		};
		707FEABD1C4D900A00C405F6 /* Resources */ = {
			isa = PBXResourcesBuildPhase;
			buildActionMask = 2147483647;
			files = (
				707FEAC51C4D900A00C405F6 /* Assets.xcassets in Resources */,
				707FEAC31C4D900A00C405F6 /* Interface.storyboard in Resources */,
			);
			runOnlyForDeploymentPostprocessing = 0;
		};
		707FEAC91C4D900A00C405F6 /* Resources */ = {
			isa = PBXResourcesBuildPhase;
			buildActionMask = 2147483647;
			files = (
				707FEAD91C4D900A00C405F6 /* Assets.xcassets in Resources */,
			);
			runOnlyForDeploymentPostprocessing = 0;
		};
/* End PBXResourcesBuildPhase section */

/* Begin PBXSourcesBuildPhase section */
		7061DC011C3ECA0F00674F06 /* Sources */ = {
			isa = PBXSourcesBuildPhase;
			buildActionMask = 2147483647;
			files = (
				70C233091C45499200868378 /* FindAccessoryViewController.swift in Sources */,
				708A852C1C41669B005B66B1 /* HomeViewController.swift in Sources */,
				70BDA2EA1C41E56A00D6DACA /* RoomsViewController.swift in Sources */,
				7061DC0B1C3ECA0F00674F06 /* ViewController.swift in Sources */,
				704CF41D1C40AD34008F8E92 /* AccessoriesViewController.swift in Sources */,
				70BB07CF1C4BBAE0006B97D3 /* BooleanCell.swift in Sources */,
				709696241C43129D00A78D32 /* RoomsAccessoriesViewController.swift in Sources */,
				70BDA2E81C41AEF000D6DACA /* AddHomeViewController.swift in Sources */,
				70CF68A01C4AE5A8007A1C71 /* NumericCell.swift in Sources */,
				70CF68A61C4B080B007A1C71 /* FanDirectionCell.swift in Sources */,
				70CC8E8D1C481ECD0076D659 /* AccessoryControlViewController.swift in Sources */,
				70CF68A81C4B0C1E007A1C71 /* LockMechanismStateCell.swift in Sources */,
				70CF68A21C4B01A4007A1C71 /* HeatingCoolingCell.swift in Sources */,
				70CF68A41C4B0476007A1C71 /* DoorStateCell.swift in Sources */,
				7061DC091C3ECA0F00674F06 /* AppDelegate.swift in Sources */,
			);
			runOnlyForDeploymentPostprocessing = 0;
		};
		707FEAC71C4D900A00C405F6 /* Sources */ = {
			isa = PBXSourcesBuildPhase;
			buildActionMask = 2147483647;
			files = (
				707FEAD71C4D900A00C405F6 /* NotificationController.swift in Sources */,
				707FEAE71C4D93A000C405F6 /* RecordTaskInterfaceController.swift in Sources */,
				707FEAD51C4D900A00C405F6 /* ExtensionDelegate.swift in Sources */,
				707FEAD31C4D900A00C405F6 /* InterfaceController.swift in Sources */,
			);
			runOnlyForDeploymentPostprocessing = 0;
		};
/* End PBXSourcesBuildPhase section */

/* Begin PBXTargetDependency section */
		707FEACE1C4D900A00C405F6 /* PBXTargetDependency */ = {
			isa = PBXTargetDependency;
			target = 707FEACA1C4D900A00C405F6 /* watchapp Extension */;
			targetProxy = 707FEACD1C4D900A00C405F6 /* PBXContainerItemProxy */;
		};
		707FEADC1C4D900A00C405F6 /* PBXTargetDependency */ = {
			isa = PBXTargetDependency;
			target = 707FEABE1C4D900A00C405F6 /* watchapp */;
			targetProxy = 707FEADB1C4D900A00C405F6 /* PBXContainerItemProxy */;
		};
/* End PBXTargetDependency section */

/* Begin PBXVariantGroup section */
		7061DC0C1C3ECA0F00674F06 /* Main.storyboard */ = {
			isa = PBXVariantGroup;
			children = (
				7061DC0D1C3ECA0F00674F06 /* Base */,
			);
			name = Main.storyboard;
			sourceTree = "<group>";
		};
		7061DC111C3ECA0F00674F06 /* LaunchScreen.storyboard */ = {
			isa = PBXVariantGroup;
			children = (
				7061DC121C3ECA0F00674F06 /* Base */,
			);
			name = LaunchScreen.storyboard;
			sourceTree = "<group>";
		};
		707FEAC11C4D900A00C405F6 /* Interface.storyboard */ = {
			isa = PBXVariantGroup;
			children = (
				707FEAC21C4D900A00C405F6 /* Base */,
			);
			name = Interface.storyboard;
			sourceTree = "<group>";
		};
/* End PBXVariantGroup section */

/* Begin XCBuildConfiguration section */
		7061DC151C3ECA0F00674F06 /* Debug */ = {
			isa = XCBuildConfiguration;
			buildSettings = {
				ALWAYS_SEARCH_USER_PATHS = NO;
				CLANG_CXX_LANGUAGE_STANDARD = "gnu++0x";
				CLANG_CXX_LIBRARY = "libc++";
				CLANG_ENABLE_MODULES = YES;
				CLANG_ENABLE_OBJC_ARC = YES;
				CLANG_WARN_BOOL_CONVERSION = YES;
				CLANG_WARN_CONSTANT_CONVERSION = YES;
				CLANG_WARN_DIRECT_OBJC_ISA_USAGE = YES_ERROR;
				CLANG_WARN_EMPTY_BODY = YES;
				CLANG_WARN_ENUM_CONVERSION = YES;
				CLANG_WARN_INT_CONVERSION = YES;
				CLANG_WARN_OBJC_ROOT_CLASS = YES_ERROR;
				CLANG_WARN_UNREACHABLE_CODE = YES;
				CLANG_WARN__DUPLICATE_METHOD_MATCH = YES;
				"CODE_SIGN_IDENTITY[sdk=iphoneos*]" = "iPhone Developer";
				COPY_PHASE_STRIP = NO;
				DEBUG_INFORMATION_FORMAT = dwarf;
				ENABLE_STRICT_OBJC_MSGSEND = YES;
				ENABLE_TESTABILITY = YES;
				GCC_C_LANGUAGE_STANDARD = gnu99;
				GCC_DYNAMIC_NO_PIC = NO;
				GCC_NO_COMMON_BLOCKS = YES;
				GCC_OPTIMIZATION_LEVEL = 0;
				GCC_PREPROCESSOR_DEFINITIONS = (
					"DEBUG=1",
					"$(inherited)",
				);
				GCC_WARN_64_TO_32_BIT_CONVERSION = YES;
				GCC_WARN_ABOUT_RETURN_TYPE = YES_ERROR;
				GCC_WARN_UNDECLARED_SELECTOR = YES;
				GCC_WARN_UNINITIALIZED_AUTOS = YES_AGGRESSIVE;
				GCC_WARN_UNUSED_FUNCTION = YES;
				GCC_WARN_UNUSED_VARIABLE = YES;
				IPHONEOS_DEPLOYMENT_TARGET = 9.2;
				MTL_ENABLE_DEBUG_INFO = YES;
				ONLY_ACTIVE_ARCH = YES;
				SDKROOT = iphoneos;
				SWIFT_OPTIMIZATION_LEVEL = "-Onone";
				TARGETED_DEVICE_FAMILY = "1,2";
			};
			name = Debug;
		};
		7061DC161C3ECA0F00674F06 /* Release */ = {
			isa = XCBuildConfiguration;
			buildSettings = {
				ALWAYS_SEARCH_USER_PATHS = NO;
				CLANG_CXX_LANGUAGE_STANDARD = "gnu++0x";
				CLANG_CXX_LIBRARY = "libc++";
				CLANG_ENABLE_MODULES = YES;
				CLANG_ENABLE_OBJC_ARC = YES;
				CLANG_WARN_BOOL_CONVERSION = YES;
				CLANG_WARN_CONSTANT_CONVERSION = YES;
				CLANG_WARN_DIRECT_OBJC_ISA_USAGE = YES_ERROR;
				CLANG_WARN_EMPTY_BODY = YES;
				CLANG_WARN_ENUM_CONVERSION = YES;
				CLANG_WARN_INT_CONVERSION = YES;
				CLANG_WARN_OBJC_ROOT_CLASS = YES_ERROR;
				CLANG_WARN_UNREACHABLE_CODE = YES;
				CLANG_WARN__DUPLICATE_METHOD_MATCH = YES;
				"CODE_SIGN_IDENTITY[sdk=iphoneos*]" = "iPhone Developer";
				COPY_PHASE_STRIP = NO;
				DEBUG_INFORMATION_FORMAT = "dwarf-with-dsym";
				ENABLE_NS_ASSERTIONS = NO;
				ENABLE_STRICT_OBJC_MSGSEND = YES;
				GCC_C_LANGUAGE_STANDARD = gnu99;
				GCC_NO_COMMON_BLOCKS = YES;
				GCC_WARN_64_TO_32_BIT_CONVERSION = YES;
				GCC_WARN_ABOUT_RETURN_TYPE = YES_ERROR;
				GCC_WARN_UNDECLARED_SELECTOR = YES;
				GCC_WARN_UNINITIALIZED_AUTOS = YES_AGGRESSIVE;
				GCC_WARN_UNUSED_FUNCTION = YES;
				GCC_WARN_UNUSED_VARIABLE = YES;
				IPHONEOS_DEPLOYMENT_TARGET = 9.2;
				MTL_ENABLE_DEBUG_INFO = NO;
				SDKROOT = iphoneos;
				TARGETED_DEVICE_FAMILY = "1,2";
				VALIDATE_PRODUCT = YES;
			};
			name = Release;
		};
		7061DC181C3ECA0F00674F06 /* Debug */ = {
			isa = XCBuildConfiguration;
			buildSettings = {
				ASSETCATALOG_COMPILER_APPICON_NAME = AppIcon;
				CODE_SIGN_ENTITLEMENTS = watchofthings/watchofthings.entitlements;
				CODE_SIGN_IDENTITY = "iPhone Developer";
				"CODE_SIGN_IDENTITY[sdk=iphoneos*]" = "iPhone Developer";
				INFOPLIST_FILE = watchofthings/Info.plist;
				IPHONEOS_DEPLOYMENT_TARGET = 9.2;
				LD_RUNPATH_SEARCH_PATHS = "$(inherited) @executable_path/Frameworks";
				PRODUCT_BUNDLE_IDENTIFIER = com.manojvas.watchofthings;
				PRODUCT_NAME = "$(TARGET_NAME)";
				PROVISIONING_PROFILE = "";
			};
			name = Debug;
		};
		7061DC191C3ECA0F00674F06 /* Release */ = {
			isa = XCBuildConfiguration;
			buildSettings = {
				ASSETCATALOG_COMPILER_APPICON_NAME = AppIcon;
				CODE_SIGN_ENTITLEMENTS = watchofthings/watchofthings.entitlements;
				CODE_SIGN_IDENTITY = "iPhone Developer";
				"CODE_SIGN_IDENTITY[sdk=iphoneos*]" = "iPhone Developer";
				INFOPLIST_FILE = watchofthings/Info.plist;
				IPHONEOS_DEPLOYMENT_TARGET = 9.2;
				LD_RUNPATH_SEARCH_PATHS = "$(inherited) @executable_path/Frameworks";
				PRODUCT_BUNDLE_IDENTIFIER = com.manojvas.watchofthings;
				PRODUCT_NAME = "$(TARGET_NAME)";
				PROVISIONING_PROFILE = "";
			};
			name = Release;
		};
		707FEADE1C4D900A00C405F6 /* Debug */ = {
			isa = XCBuildConfiguration;
			buildSettings = {
				ASSETCATALOG_COMPILER_APPICON_NAME = AppIcon;
				CODE_SIGN_IDENTITY = "iPhone Developer";
				"CODE_SIGN_IDENTITY[sdk=iphoneos*]" = "iPhone Developer";
				EMBEDDED_CONTENT_CONTAINS_SWIFT = YES;
				IBSC_MODULE = watchapp_Extension;
				INFOPLIST_FILE = watchapp/Info.plist;
				PRODUCT_BUNDLE_IDENTIFIER = com.manojvas.watchofthings.watchkitapp;
				PRODUCT_NAME = "$(TARGET_NAME)";
				SDKROOT = watchos;
				SKIP_INSTALL = YES;
				TARGETED_DEVICE_FAMILY = 4;
				WATCHOS_DEPLOYMENT_TARGET = 2.1;
			};
			name = Debug;
		};
		707FEADF1C4D900A00C405F6 /* Release */ = {
			isa = XCBuildConfiguration;
			buildSettings = {
				ASSETCATALOG_COMPILER_APPICON_NAME = AppIcon;
				CODE_SIGN_IDENTITY = "iPhone Developer";
				"CODE_SIGN_IDENTITY[sdk=iphoneos*]" = "iPhone Developer";
				EMBEDDED_CONTENT_CONTAINS_SWIFT = YES;
				IBSC_MODULE = watchapp_Extension;
				INFOPLIST_FILE = watchapp/Info.plist;
				PRODUCT_BUNDLE_IDENTIFIER = com.manojvas.watchofthings.watchkitapp;
				PRODUCT_NAME = "$(TARGET_NAME)";
				SDKROOT = watchos;
				SKIP_INSTALL = YES;
				TARGETED_DEVICE_FAMILY = 4;
				WATCHOS_DEPLOYMENT_TARGET = 2.1;
			};
			name = Release;
		};
		707FEAE01C4D900A00C405F6 /* Debug */ = {
			isa = XCBuildConfiguration;
			buildSettings = {
				INFOPLIST_FILE = "watchapp Extension/Info.plist";
				LD_RUNPATH_SEARCH_PATHS = "$(inherited) @executable_path/Frameworks @executable_path/../../Frameworks";
				PRODUCT_BUNDLE_IDENTIFIER = com.manojvas.watchofthings.watchkitapp.watchkitextension;
				PRODUCT_NAME = "${TARGET_NAME}";
				SDKROOT = watchos;
				SKIP_INSTALL = YES;
				TARGETED_DEVICE_FAMILY = 4;
				WATCHOS_DEPLOYMENT_TARGET = 2.1;
			};
			name = Debug;
		};
		707FEAE11C4D900A00C405F6 /* Release */ = {
			isa = XCBuildConfiguration;
			buildSettings = {
				INFOPLIST_FILE = "watchapp Extension/Info.plist";
				LD_RUNPATH_SEARCH_PATHS = "$(inherited) @executable_path/Frameworks @executable_path/../../Frameworks";
				PRODUCT_BUNDLE_IDENTIFIER = com.manojvas.watchofthings.watchkitapp.watchkitextension;
				PRODUCT_NAME = "${TARGET_NAME}";
				SDKROOT = watchos;
				SKIP_INSTALL = YES;
				TARGETED_DEVICE_FAMILY = 4;
				WATCHOS_DEPLOYMENT_TARGET = 2.1;
			};
			name = Release;
		};
/* End XCBuildConfiguration section */

/* Begin XCConfigurationList section */
		7061DC001C3ECA0F00674F06 /* Build configuration list for PBXProject "watchofthings" */ = {
			isa = XCConfigurationList;
			buildConfigurations = (
				7061DC151C3ECA0F00674F06 /* Debug */,
				7061DC161C3ECA0F00674F06 /* Release */,
			);
			defaultConfigurationIsVisible = 0;
			defaultConfigurationName = Release;
		};
		7061DC171C3ECA0F00674F06 /* Build configuration list for PBXNativeTarget "watchofthings" */ = {
			isa = XCConfigurationList;
			buildConfigurations = (
				7061DC181C3ECA0F00674F06 /* Debug */,
				7061DC191C3ECA0F00674F06 /* Release */,
			);
			defaultConfigurationIsVisible = 0;
			defaultConfigurationName = Release;
		};
		707FEAE21C4D900A00C405F6 /* Build configuration list for PBXNativeTarget "watchapp Extension" */ = {
			isa = XCConfigurationList;
			buildConfigurations = (
				707FEAE01C4D900A00C405F6 /* Debug */,
				707FEAE11C4D900A00C405F6 /* Release */,
			);
			defaultConfigurationIsVisible = 0;
		};
		707FEAE41C4D900A00C405F6 /* Build configuration list for PBXNativeTarget "watchapp" */ = {
			isa = XCConfigurationList;
			buildConfigurations = (
				707FEADE1C4D900A00C405F6 /* Debug */,
				707FEADF1C4D900A00C405F6 /* Release */,
			);
			defaultConfigurationIsVisible = 0;
		};
/* End XCConfigurationList section */
	};
	rootObject = 7061DBFD1C3ECA0F00674F06 /* Project object */;
}
